
Microsoft Visual Studio Solution File, Format Version 12.00
# Visual Studio Version 17
VisualStudioVersion = 17.5.002.0
MinimumVisualStudioVersion = 10.0.40219.1
Project("{9A19103F-16F7-4668-BE54-9A1E7A4F7556}") = "CaveroApp", "CaveroApp.csproj", "{36CF7E60-635F-4D43-A5D7-2365A912E1D7}"
EndProject
Global
	GlobalSection(SolutionConfigurationPlatforms) = preSolution
		Debug|Any CPU = Debug|Any CPU
		Release|Any CPU = Release|Any CPU
	EndGlobalSection
	GlobalSection(ProjectConfigurationPlatforms) = postSolution
		{36CF7E60-635F-4D43-A5D7-2365A912E1D7}.Debug|Any CPU.ActiveCfg = Debug|Any CPU
		{36CF7E60-635F-4D43-A5D7-2365A912E1D7}.Debug|Any CPU.Build.0 = Debug|Any CPU
		{36CF7E60-635F-4D43-A5D7-2365A912E1D7}.Release|Any CPU.ActiveCfg = Release|Any CPU
		{36CF7E60-635F-4D43-A5D7-2365A912E1D7}.Release|Any CPU.Build.0 = Release|Any CPU
	EndGlobalSection
	GlobalSection(SolutionProperties) = preSolution
		HideSolutionNode = FALSE
	EndGlobalSection
	GlobalSection(ExtensibilityGlobals) = postSolution
		SolutionGuid = {ED78ED7E-AA35-4010-8CA3-7572A2C42F41}
	EndGlobalSection
EndGlobal
